// !$*UTF8*$!
{
	archiveVersion = 1;
	classes = {
	};
	objectVersion = 46;
	objects = {

/* Begin PBXAggregateTarget section */
		24416B8111C4CA220047AFDD /* Build & Test */ = {
			isa = PBXAggregateTarget;
			buildConfigurationList = 24416B8A11C4CA520047AFDD /* Build configuration list for PBXAggregateTarget "Build & Test" */;
			buildPhases = (
				24416B8011C4CA220047AFDD /* ShellScript */,
			);
			dependencies = (
				24416B8511C4CA280047AFDD /* PBXTargetDependency */,
			);
			name = "Build & Test";
			productName = "Build & test";
		};
/* End PBXAggregateTarget section */

/* Begin PBXBuildFile section */
		24DD6CF91134B3F500162E58 /* ComCaffeinaTimaterialModule.h in Headers */ = {isa = PBXBuildFile; fileRef = 24DD6CF71134B3F500162E58 /* ComCaffeinaTimaterialModule.h */; };
		24DD6CFA1134B3F500162E58 /* ComCaffeinaTimaterialModule.m in Sources */ = {isa = PBXBuildFile; fileRef = 24DD6CF81134B3F500162E58 /* ComCaffeinaTimaterialModule.m */; };
		24DE9E1111C5FE74003F90F6 /* ComCaffeinaTimaterialModuleAssets.h in Headers */ = {isa = PBXBuildFile; fileRef = 24DE9E0F11C5FE74003F90F6 /* ComCaffeinaTimaterialModuleAssets.h */; };
		24DE9E1211C5FE74003F90F6 /* ComCaffeinaTimaterialModuleAssets.m in Sources */ = {isa = PBXBuildFile; fileRef = 24DE9E1011C5FE74003F90F6 /* ComCaffeinaTimaterialModuleAssets.m */; };
		5586E7871E4C8D7B00324B10 /* AutoResizeTextView.h in Headers */ = {isa = PBXBuildFile; fileRef = 5586E75C1E4C8D7B00324B10 /* AutoResizeTextView.h */; };
		5586E7881E4C8D7B00324B10 /* MaterialControls.h in Headers */ = {isa = PBXBuildFile; fileRef = 5586E75D1E4C8D7B00324B10 /* MaterialControls.h */; };
		5586E7891E4C8D7B00324B10 /* MDBubbleLabel.h in Headers */ = {isa = PBXBuildFile; fileRef = 5586E75E1E4C8D7B00324B10 /* MDBubbleLabel.h */; };
		5586E78A1E4C8D7B00324B10 /* MDButton.h in Headers */ = {isa = PBXBuildFile; fileRef = 5586E75F1E4C8D7B00324B10 /* MDButton.h */; };
		5586E78B1E4C8D7B00324B10 /* MDCalendar.h in Headers */ = {isa = PBXBuildFile; fileRef = 5586E7601E4C8D7B00324B10 /* MDCalendar.h */; };
		5586E78C1E4C8D7B00324B10 /* MDCalendarCell.h in Headers */ = {isa = PBXBuildFile; fileRef = 5586E7611E4C8D7B00324B10 /* MDCalendarCell.h */; };
		5586E78D1E4C8D7B00324B10 /* MDCalendarDateHeader.h in Headers */ = {isa = PBXBuildFile; fileRef = 5586E7621E4C8D7B00324B10 /* MDCalendarDateHeader.h */; };
		5586E78E1E4C8D7B00324B10 /* MDCalendarHeader.h in Headers */ = {isa = PBXBuildFile; fileRef = 5586E7631E4C8D7B00324B10 /* MDCalendarHeader.h */; };
		5586E78F1E4C8D7B00324B10 /* MDCalendarYearSelector.h in Headers */ = {isa = PBXBuildFile; fileRef = 5586E7641E4C8D7B00324B10 /* MDCalendarYearSelector.h */; };
		5586E7901E4C8D7B00324B10 /* MDCalendarYearSelectorViewCell.h in Headers */ = {isa = PBXBuildFile; fileRef = 5586E7651E4C8D7B00324B10 /* MDCalendarYearSelectorViewCell.h */; };
		5586E7911E4C8D7B00324B10 /* MDCircularProgressLayer.h in Headers */ = {isa = PBXBuildFile; fileRef = 5586E7661E4C8D7B00324B10 /* MDCircularProgressLayer.h */; };
		5586E7921E4C8D7B00324B10 /* MDCollectionViewCell.h in Headers */ = {isa = PBXBuildFile; fileRef = 5586E7671E4C8D7B00324B10 /* MDCollectionViewCell.h */; };
		5586E7931E4C8D7B00324B10 /* MDConstants.h in Headers */ = {isa = PBXBuildFile; fileRef = 5586E7681E4C8D7B00324B10 /* MDConstants.h */; };
		5586E7941E4C8D7B00324B10 /* MDDatePicker.h in Headers */ = {isa = PBXBuildFile; fileRef = 5586E7691E4C8D7B00324B10 /* MDDatePicker.h */; };
		5586E7951E4C8D7B00324B10 /* MDDatePickerDialog.h in Headers */ = {isa = PBXBuildFile; fileRef = 5586E76A1E4C8D7B00324B10 /* MDDatePickerDialog.h */; };
		5586E7961E4C8D7B00324B10 /* MDDeviceHelper.h in Headers */ = {isa = PBXBuildFile; fileRef = 5586E76B1E4C8D7B00324B10 /* MDDeviceHelper.h */; };
		5586E7971E4C8D7B00324B10 /* MDLinearProgressLayer.h in Headers */ = {isa = PBXBuildFile; fileRef = 5586E76C1E4C8D7B00324B10 /* MDLinearProgressLayer.h */; };
		5586E7981E4C8D7B00324B10 /* MDMathHelper.h in Headers */ = {isa = PBXBuildFile; fileRef = 5586E76D1E4C8D7B00324B10 /* MDMathHelper.h */; };
		5586E7991E4C8D7B00324B10 /* MDProgress.h in Headers */ = {isa = PBXBuildFile; fileRef = 5586E76E1E4C8D7B00324B10 /* MDProgress.h */; };
		5586E79A1E4C8D7B00324B10 /* MDProgressLayer.h in Headers */ = {isa = PBXBuildFile; fileRef = 5586E76F1E4C8D7B00324B10 /* MDProgressLayer.h */; };
		5586E79B1E4C8D7B00324B10 /* MDRippleLayer.h in Headers */ = {isa = PBXBuildFile; fileRef = 5586E7701E4C8D7B00324B10 /* MDRippleLayer.h */; };
		5586E79C1E4C8D7B00324B10 /* MDSlider.h in Headers */ = {isa = PBXBuildFile; fileRef = 5586E7711E4C8D7B00324B10 /* MDSlider.h */; };
		5586E79D1E4C8D7B00324B10 /* MDSliderIcon.h in Headers */ = {isa = PBXBuildFile; fileRef = 5586E7721E4C8D7B00324B10 /* MDSliderIcon.h */; };
		5586E79E1E4C8D7B00324B10 /* MDSliderThumbView.h in Headers */ = {isa = PBXBuildFile; fileRef = 5586E7731E4C8D7B00324B10 /* MDSliderThumbView.h */; };
		5586E79F1E4C8D7B00324B10 /* MDSliderTickMarksView.h in Headers */ = {isa = PBXBuildFile; fileRef = 5586E7741E4C8D7B00324B10 /* MDSliderTickMarksView.h */; };
		5586E7A01E4C8D7B00324B10 /* MDSnackbar.h in Headers */ = {isa = PBXBuildFile; fileRef = 5586E7751E4C8D7B00324B10 /* MDSnackbar.h */; };
		5586E7A11E4C8D7B00324B10 /* MDSuggestPopupView.h in Headers */ = {isa = PBXBuildFile; fileRef = 5586E7761E4C8D7B00324B10 /* MDSuggestPopupView.h */; };
		5586E7A21E4C8D7B00324B10 /* MDSuggestTableView.h in Headers */ = {isa = PBXBuildFile; fileRef = 5586E7771E4C8D7B00324B10 /* MDSuggestTableView.h */; };
		5586E7A31E4C8D7B00324B10 /* MDSwitch.h in Headers */ = {isa = PBXBuildFile; fileRef = 5586E7781E4C8D7B00324B10 /* MDSwitch.h */; };
		5586E7A41E4C8D7B00324B10 /* MDTabBar.h in Headers */ = {isa = PBXBuildFile; fileRef = 5586E7791E4C8D7B00324B10 /* MDTabBar.h */; };
		5586E7A51E4C8D7B00324B10 /* MDTabBarViewController.h in Headers */ = {isa = PBXBuildFile; fileRef = 5586E77A1E4C8D7B00324B10 /* MDTabBarViewController.h */; };
		5586E7A61E4C8D7B00324B10 /* MDTableViewCell.h in Headers */ = {isa = PBXBuildFile; fileRef = 5586E77B1E4C8D7B00324B10 /* MDTableViewCell.h */; };
		5586E7A71E4C8D7B00324B10 /* MDTextField.h in Headers */ = {isa = PBXBuildFile; fileRef = 5586E77C1E4C8D7B00324B10 /* MDTextField.h */; };
		5586E7A81E4C8D7B00324B10 /* MDTimePickerDialog.h in Headers */ = {isa = PBXBuildFile; fileRef = 5586E77D1E4C8D7B00324B10 /* MDTimePickerDialog.h */; };
		5586E7A91E4C8D7B00324B10 /* MDToast.h in Headers */ = {isa = PBXBuildFile; fileRef = 5586E77E1E4C8D7B00324B10 /* MDToast.h */; };
		5586E7AA1E4C8D7B00324B10 /* MDTouchGestureRecognizer.h in Headers */ = {isa = PBXBuildFile; fileRef = 5586E77F1E4C8D7B00324B10 /* MDTouchGestureRecognizer.h */; };
		5586E7AB1E4C8D7B00324B10 /* NSCalendarHelper.h in Headers */ = {isa = PBXBuildFile; fileRef = 5586E7801E4C8D7B00324B10 /* NSCalendarHelper.h */; };
		5586E7AC1E4C8D7B00324B10 /* NSDate+MDExtension.h in Headers */ = {isa = PBXBuildFile; fileRef = 5586E7811E4C8D7B00324B10 /* NSDate+MDExtension.h */; };
		5586E7AD1E4C8D7B00324B10 /* NSDateHelper.h in Headers */ = {isa = PBXBuildFile; fileRef = 5586E7821E4C8D7B00324B10 /* NSDateHelper.h */; };
		5586E7AE1E4C8D7B00324B10 /* UIColorHelper.h in Headers */ = {isa = PBXBuildFile; fileRef = 5586E7831E4C8D7B00324B10 /* UIColorHelper.h */; };
		5586E7AF1E4C8D7B00324B10 /* UIFontHelper.h in Headers */ = {isa = PBXBuildFile; fileRef = 5586E7841E4C8D7B00324B10 /* UIFontHelper.h */; };
		5586E7B01E4C8D7B00324B10 /* UIView+MDExtension.h in Headers */ = {isa = PBXBuildFile; fileRef = 5586E7851E4C8D7B00324B10 /* UIView+MDExtension.h */; };
		5586E7B11E4C8D7B00324B10 /* UIViewHelper.h in Headers */ = {isa = PBXBuildFile; fileRef = 5586E7861E4C8D7B00324B10 /* UIViewHelper.h */; };
		5586E7B31E4C8EDD00324B10 /* libMaterialControls.a in Frameworks */ = {isa = PBXBuildFile; fileRef = 5586E7B21E4C8EDD00324B10 /* libMaterialControls.a */; };
		5586E7BA1E4DBDB200324B10 /* ComCaffeinaTimaterialToastProxy.h in Headers */ = {isa = PBXBuildFile; fileRef = 5586E7B81E4DBDB200324B10 /* ComCaffeinaTimaterialToastProxy.h */; };
		5586E7BB1E4DBDB200324B10 /* ComCaffeinaTimaterialToastProxy.m in Sources */ = {isa = PBXBuildFile; fileRef = 5586E7B91E4DBDB200324B10 /* ComCaffeinaTimaterialToastProxy.m */; };
		5586E7C61E4DD50900324B10 /* ComCaffeinaTimaterialDatepickerProxy.h in Headers */ = {isa = PBXBuildFile; fileRef = 5586E7C41E4DD50900324B10 /* ComCaffeinaTimaterialDatepickerProxy.h */; };
		5586E7C71E4DD50900324B10 /* ComCaffeinaTimaterialDatepickerProxy.m in Sources */ = {isa = PBXBuildFile; fileRef = 5586E7C51E4DD50900324B10 /* ComCaffeinaTimaterialDatepickerProxy.m */; };
		5586E7CB1E4DD57800324B10 /* ComCaffeinaTimaterialTimeProxy.h in Headers */ = {isa = PBXBuildFile; fileRef = 5586E7C91E4DD57800324B10 /* ComCaffeinaTimaterialTimeProxy.h */; };
		5586E7CC1E4DD57800324B10 /* ComCaffeinaTimaterialTimeProxy.m in Sources */ = {isa = PBXBuildFile; fileRef = 5586E7CA1E4DD57800324B10 /* ComCaffeinaTimaterialTimeProxy.m */; };
		55FE9DA41E52174700AC88FA /* ComCaffeinaTimaterialTabbarViewProxy.h in Headers */ = {isa = PBXBuildFile; fileRef = 55FE9DA21E52174700AC88FA /* ComCaffeinaTimaterialTabbarViewProxy.h */; };
		55FE9DA51E52174700AC88FA /* ComCaffeinaTimaterialTabbarViewProxy.m in Sources */ = {isa = PBXBuildFile; fileRef = 55FE9DA31E52174700AC88FA /* ComCaffeinaTimaterialTabbarViewProxy.m */; };
		55FE9DA81E52188800AC88FA /* ComCaffeinaTimaterialTabbarView.h in Headers */ = {isa = PBXBuildFile; fileRef = 55FE9DA61E52188800AC88FA /* ComCaffeinaTimaterialTabbarView.h */; };
		55FE9DA91E52188800AC88FA /* ComCaffeinaTimaterialTabbarView.m in Sources */ = {isa = PBXBuildFile; fileRef = 55FE9DA71E52188800AC88FA /* ComCaffeinaTimaterialTabbarView.m */; };
		AA747D9F0F9514B9006C5449 /* ComCaffeinaTimaterial_Prefix.pch in Headers */ = {isa = PBXBuildFile; fileRef = AA747D9E0F9514B9006C5449 /* ComCaffeinaTimaterial_Prefix.pch */; };
		AACBBE4A0F95108600F1A2B1 /* Foundation.framework in Frameworks */ = {isa = PBXBuildFile; fileRef = AACBBE490F95108600F1A2B1 /* Foundation.framework */; };
/* End PBXBuildFile section */

/* Begin PBXContainerItemProxy section */
		24416B8411C4CA280047AFDD /* PBXContainerItemProxy */ = {
			isa = PBXContainerItemProxy;
			containerPortal = 0867D690FE84028FC02AAC07 /* Project object */;
			proxyType = 1;
			remoteGlobalIDString = D2AAC07D0554694100DB518D;
			remoteInfo = ti.material;
		};
/* End PBXContainerItemProxy section */

/* Begin PBXFileReference section */
		24DD6CF71134B3F500162E58 /* ComCaffeinaTimaterialModule.h */ = {isa = PBXFileReference; fileEncoding = 4; lastKnownFileType = sourcecode.c.h; name = ComCaffeinaTimaterialModule.h; path = Classes/ComCaffeinaTimaterialModule.h; sourceTree = "<group>"; };
		24DD6CF81134B3F500162E58 /* ComCaffeinaTimaterialModule.m */ = {isa = PBXFileReference; fileEncoding = 4; lastKnownFileType = sourcecode.c.objc; name = ComCaffeinaTimaterialModule.m; path = Classes/ComCaffeinaTimaterialModule.m; sourceTree = "<group>"; };
		24DD6D1B1134B66800162E58 /* titanium.xcconfig */ = {isa = PBXFileReference; fileEncoding = 4; lastKnownFileType = text.xcconfig; path = titanium.xcconfig; sourceTree = "<group>"; };
		24DE9E0F11C5FE74003F90F6 /* ComCaffeinaTimaterialModuleAssets.h */ = {isa = PBXFileReference; fileEncoding = 4; lastKnownFileType = sourcecode.c.h; name = ComCaffeinaTimaterialModuleAssets.h; path = Classes/ComCaffeinaTimaterialModuleAssets.h; sourceTree = "<group>"; };
		24DE9E1011C5FE74003F90F6 /* ComCaffeinaTimaterialModuleAssets.m */ = {isa = PBXFileReference; fileEncoding = 4; lastKnownFileType = sourcecode.c.objc; name = ComCaffeinaTimaterialModuleAssets.m; path = Classes/ComCaffeinaTimaterialModuleAssets.m; sourceTree = "<group>"; };
		5586E75C1E4C8D7B00324B10 /* AutoResizeTextView.h */ = {isa = PBXFileReference; fileEncoding = 4; lastKnownFileType = sourcecode.c.h; path = AutoResizeTextView.h; sourceTree = "<group>"; };
		5586E75D1E4C8D7B00324B10 /* MaterialControls.h */ = {isa = PBXFileReference; fileEncoding = 4; lastKnownFileType = sourcecode.c.h; path = MaterialControls.h; sourceTree = "<group>"; };
		5586E75E1E4C8D7B00324B10 /* MDBubbleLabel.h */ = {isa = PBXFileReference; fileEncoding = 4; lastKnownFileType = sourcecode.c.h; path = MDBubbleLabel.h; sourceTree = "<group>"; };
		5586E75F1E4C8D7B00324B10 /* MDButton.h */ = {isa = PBXFileReference; fileEncoding = 4; lastKnownFileType = sourcecode.c.h; path = MDButton.h; sourceTree = "<group>"; };
		5586E7601E4C8D7B00324B10 /* MDCalendar.h */ = {isa = PBXFileReference; fileEncoding = 4; lastKnownFileType = sourcecode.c.h; path = MDCalendar.h; sourceTree = "<group>"; };
		5586E7611E4C8D7B00324B10 /* MDCalendarCell.h */ = {isa = PBXFileReference; fileEncoding = 4; lastKnownFileType = sourcecode.c.h; path = MDCalendarCell.h; sourceTree = "<group>"; };
		5586E7621E4C8D7B00324B10 /* MDCalendarDateHeader.h */ = {isa = PBXFileReference; fileEncoding = 4; lastKnownFileType = sourcecode.c.h; path = MDCalendarDateHeader.h; sourceTree = "<group>"; };
		5586E7631E4C8D7B00324B10 /* MDCalendarHeader.h */ = {isa = PBXFileReference; fileEncoding = 4; lastKnownFileType = sourcecode.c.h; path = MDCalendarHeader.h; sourceTree = "<group>"; };
		5586E7641E4C8D7B00324B10 /* MDCalendarYearSelector.h */ = {isa = PBXFileReference; fileEncoding = 4; lastKnownFileType = sourcecode.c.h; path = MDCalendarYearSelector.h; sourceTree = "<group>"; };
		5586E7651E4C8D7B00324B10 /* MDCalendarYearSelectorViewCell.h */ = {isa = PBXFileReference; fileEncoding = 4; lastKnownFileType = sourcecode.c.h; path = MDCalendarYearSelectorViewCell.h; sourceTree = "<group>"; };
		5586E7661E4C8D7B00324B10 /* MDCircularProgressLayer.h */ = {isa = PBXFileReference; fileEncoding = 4; lastKnownFileType = sourcecode.c.h; path = MDCircularProgressLayer.h; sourceTree = "<group>"; };
		5586E7671E4C8D7B00324B10 /* MDCollectionViewCell.h */ = {isa = PBXFileReference; fileEncoding = 4; lastKnownFileType = sourcecode.c.h; path = MDCollectionViewCell.h; sourceTree = "<group>"; };
		5586E7681E4C8D7B00324B10 /* MDConstants.h */ = {isa = PBXFileReference; fileEncoding = 4; lastKnownFileType = sourcecode.c.h; path = MDConstants.h; sourceTree = "<group>"; };
		5586E7691E4C8D7B00324B10 /* MDDatePicker.h */ = {isa = PBXFileReference; fileEncoding = 4; lastKnownFileType = sourcecode.c.h; path = MDDatePicker.h; sourceTree = "<group>"; };
		5586E76A1E4C8D7B00324B10 /* MDDatePickerDialog.h */ = {isa = PBXFileReference; fileEncoding = 4; lastKnownFileType = sourcecode.c.h; path = MDDatePickerDialog.h; sourceTree = "<group>"; };
		5586E76B1E4C8D7B00324B10 /* MDDeviceHelper.h */ = {isa = PBXFileReference; fileEncoding = 4; lastKnownFileType = sourcecode.c.h; path = MDDeviceHelper.h; sourceTree = "<group>"; };
		5586E76C1E4C8D7B00324B10 /* MDLinearProgressLayer.h */ = {isa = PBXFileReference; fileEncoding = 4; lastKnownFileType = sourcecode.c.h; path = MDLinearProgressLayer.h; sourceTree = "<group>"; };
		5586E76D1E4C8D7B00324B10 /* MDMathHelper.h */ = {isa = PBXFileReference; fileEncoding = 4; lastKnownFileType = sourcecode.c.h; path = MDMathHelper.h; sourceTree = "<group>"; };
		5586E76E1E4C8D7B00324B10 /* MDProgress.h */ = {isa = PBXFileReference; fileEncoding = 4; lastKnownFileType = sourcecode.c.h; path = MDProgress.h; sourceTree = "<group>"; };
		5586E76F1E4C8D7B00324B10 /* MDProgressLayer.h */ = {isa = PBXFileReference; fileEncoding = 4; lastKnownFileType = sourcecode.c.h; path = MDProgressLayer.h; sourceTree = "<group>"; };
		5586E7701E4C8D7B00324B10 /* MDRippleLayer.h */ = {isa = PBXFileReference; fileEncoding = 4; lastKnownFileType = sourcecode.c.h; path = MDRippleLayer.h; sourceTree = "<group>"; };
		5586E7711E4C8D7B00324B10 /* MDSlider.h */ = {isa = PBXFileReference; fileEncoding = 4; lastKnownFileType = sourcecode.c.h; path = MDSlider.h; sourceTree = "<group>"; };
		5586E7721E4C8D7B00324B10 /* MDSliderIcon.h */ = {isa = PBXFileReference; fileEncoding = 4; lastKnownFileType = sourcecode.c.h; path = MDSliderIcon.h; sourceTree = "<group>"; };
		5586E7731E4C8D7B00324B10 /* MDSliderThumbView.h */ = {isa = PBXFileReference; fileEncoding = 4; lastKnownFileType = sourcecode.c.h; path = MDSliderThumbView.h; sourceTree = "<group>"; };
		5586E7741E4C8D7B00324B10 /* MDSliderTickMarksView.h */ = {isa = PBXFileReference; fileEncoding = 4; lastKnownFileType = sourcecode.c.h; path = MDSliderTickMarksView.h; sourceTree = "<group>"; };
		5586E7751E4C8D7B00324B10 /* MDSnackbar.h */ = {isa = PBXFileReference; fileEncoding = 4; lastKnownFileType = sourcecode.c.h; path = MDSnackbar.h; sourceTree = "<group>"; };
		5586E7761E4C8D7B00324B10 /* MDSuggestPopupView.h */ = {isa = PBXFileReference; fileEncoding = 4; lastKnownFileType = sourcecode.c.h; path = MDSuggestPopupView.h; sourceTree = "<group>"; };
		5586E7771E4C8D7B00324B10 /* MDSuggestTableView.h */ = {isa = PBXFileReference; fileEncoding = 4; lastKnownFileType = sourcecode.c.h; path = MDSuggestTableView.h; sourceTree = "<group>"; };
		5586E7781E4C8D7B00324B10 /* MDSwitch.h */ = {isa = PBXFileReference; fileEncoding = 4; lastKnownFileType = sourcecode.c.h; path = MDSwitch.h; sourceTree = "<group>"; };
		5586E7791E4C8D7B00324B10 /* MDTabBar.h */ = {isa = PBXFileReference; fileEncoding = 4; lastKnownFileType = sourcecode.c.h; path = MDTabBar.h; sourceTree = "<group>"; };
		5586E77A1E4C8D7B00324B10 /* MDTabBarViewController.h */ = {isa = PBXFileReference; fileEncoding = 4; lastKnownFileType = sourcecode.c.h; path = MDTabBarViewController.h; sourceTree = "<group>"; };
		5586E77B1E4C8D7B00324B10 /* MDTableViewCell.h */ = {isa = PBXFileReference; fileEncoding = 4; lastKnownFileType = sourcecode.c.h; path = MDTableViewCell.h; sourceTree = "<group>"; };
		5586E77C1E4C8D7B00324B10 /* MDTextField.h */ = {isa = PBXFileReference; fileEncoding = 4; lastKnownFileType = sourcecode.c.h; path = MDTextField.h; sourceTree = "<group>"; };
		5586E77D1E4C8D7B00324B10 /* MDTimePickerDialog.h */ = {isa = PBXFileReference; fileEncoding = 4; lastKnownFileType = sourcecode.c.h; path = MDTimePickerDialog.h; sourceTree = "<group>"; };
		5586E77E1E4C8D7B00324B10 /* MDToast.h */ = {isa = PBXFileReference; fileEncoding = 4; lastKnownFileType = sourcecode.c.h; path = MDToast.h; sourceTree = "<group>"; };
		5586E77F1E4C8D7B00324B10 /* MDTouchGestureRecognizer.h */ = {isa = PBXFileReference; fileEncoding = 4; lastKnownFileType = sourcecode.c.h; path = MDTouchGestureRecognizer.h; sourceTree = "<group>"; };
		5586E7801E4C8D7B00324B10 /* NSCalendarHelper.h */ = {isa = PBXFileReference; fileEncoding = 4; lastKnownFileType = sourcecode.c.h; path = NSCalendarHelper.h; sourceTree = "<group>"; };
		5586E7811E4C8D7B00324B10 /* NSDate+MDExtension.h */ = {isa = PBXFileReference; fileEncoding = 4; lastKnownFileType = sourcecode.c.h; path = "NSDate+MDExtension.h"; sourceTree = "<group>"; };
		5586E7821E4C8D7B00324B10 /* NSDateHelper.h */ = {isa = PBXFileReference; fileEncoding = 4; lastKnownFileType = sourcecode.c.h; path = NSDateHelper.h; sourceTree = "<group>"; };
		5586E7831E4C8D7B00324B10 /* UIColorHelper.h */ = {isa = PBXFileReference; fileEncoding = 4; lastKnownFileType = sourcecode.c.h; path = UIColorHelper.h; sourceTree = "<group>"; };
		5586E7841E4C8D7B00324B10 /* UIFontHelper.h */ = {isa = PBXFileReference; fileEncoding = 4; lastKnownFileType = sourcecode.c.h; path = UIFontHelper.h; sourceTree = "<group>"; };
		5586E7851E4C8D7B00324B10 /* UIView+MDExtension.h */ = {isa = PBXFileReference; fileEncoding = 4; lastKnownFileType = sourcecode.c.h; path = "UIView+MDExtension.h"; sourceTree = "<group>"; };
		5586E7861E4C8D7B00324B10 /* UIViewHelper.h */ = {isa = PBXFileReference; fileEncoding = 4; lastKnownFileType = sourcecode.c.h; path = UIViewHelper.h; sourceTree = "<group>"; };
		5586E7B21E4C8EDD00324B10 /* libMaterialControls.a */ = {isa = PBXFileReference; lastKnownFileType = archive.ar; name = libMaterialControls.a; path = frameworks/libMaterialControls.a; sourceTree = "<group>"; };
		5586E7B81E4DBDB200324B10 /* ComCaffeinaTimaterialToastProxy.h */ = {isa = PBXFileReference; fileEncoding = 4; lastKnownFileType = sourcecode.c.h; path = ComCaffeinaTimaterialToastProxy.h; sourceTree = "<group>"; };
		5586E7B91E4DBDB200324B10 /* ComCaffeinaTimaterialToastProxy.m */ = {isa = PBXFileReference; fileEncoding = 4; lastKnownFileType = sourcecode.c.objc; path = ComCaffeinaTimaterialToastProxy.m; sourceTree = "<group>"; };
		5586E7C41E4DD50900324B10 /* ComCaffeinaTimaterialDatepickerProxy.h */ = {isa = PBXFileReference; fileEncoding = 4; lastKnownFileType = sourcecode.c.h; path = ComCaffeinaTimaterialDatepickerProxy.h; sourceTree = "<group>"; };
		5586E7C51E4DD50900324B10 /* ComCaffeinaTimaterialDatepickerProxy.m */ = {isa = PBXFileReference; fileEncoding = 4; lastKnownFileType = sourcecode.c.objc; path = ComCaffeinaTimaterialDatepickerProxy.m; sourceTree = "<group>"; };
		5586E7C91E4DD57800324B10 /* ComCaffeinaTimaterialTimeProxy.h */ = {isa = PBXFileReference; fileEncoding = 4; lastKnownFileType = sourcecode.c.h; path = ComCaffeinaTimaterialTimeProxy.h; sourceTree = "<group>"; };
		5586E7CA1E4DD57800324B10 /* ComCaffeinaTimaterialTimeProxy.m */ = {isa = PBXFileReference; fileEncoding = 4; lastKnownFileType = sourcecode.c.objc; path = ComCaffeinaTimaterialTimeProxy.m; sourceTree = "<group>"; };
		55FE9DA21E52174700AC88FA /* ComCaffeinaTimaterialTabbarViewProxy.h */ = {isa = PBXFileReference; fileEncoding = 4; lastKnownFileType = sourcecode.c.h; path = ComCaffeinaTimaterialTabbarViewProxy.h; sourceTree = "<group>"; };
		55FE9DA31E52174700AC88FA /* ComCaffeinaTimaterialTabbarViewProxy.m */ = {isa = PBXFileReference; fileEncoding = 4; lastKnownFileType = sourcecode.c.objc; path = ComCaffeinaTimaterialTabbarViewProxy.m; sourceTree = "<group>"; };
		55FE9DA61E52188800AC88FA /* ComCaffeinaTimaterialTabbarView.h */ = {isa = PBXFileReference; fileEncoding = 4; lastKnownFileType = sourcecode.c.h; path = ComCaffeinaTimaterialTabbarView.h; sourceTree = "<group>"; };
		55FE9DA71E52188800AC88FA /* ComCaffeinaTimaterialTabbarView.m */ = {isa = PBXFileReference; fileEncoding = 4; lastKnownFileType = sourcecode.c.objc; path = ComCaffeinaTimaterialTabbarView.m; sourceTree = "<group>"; };
		AA747D9E0F9514B9006C5449 /* ComCaffeinaTimaterial_Prefix.pch */ = {isa = PBXFileReference; fileEncoding = 4; lastKnownFileType = sourcecode.c.h; path = ComCaffeinaTimaterial_Prefix.pch; sourceTree = SOURCE_ROOT; };
		AACBBE490F95108600F1A2B1 /* Foundation.framework */ = {isa = PBXFileReference; lastKnownFileType = wrapper.framework; name = Foundation.framework; path = System/Library/Frameworks/Foundation.framework; sourceTree = SDKROOT; };
		D2AAC07E0554694100DB518D /* libcom.caffeina.timaterial.a */ = {isa = PBXFileReference; explicitFileType = archive.ar; includeInIndex = 0; path = libcom.caffeina.timaterial.a; sourceTree = BUILT_PRODUCTS_DIR; };
/* End PBXFileReference section */

/* Begin PBXFrameworksBuildPhase section */
		D2AAC07C0554694100DB518D /* Frameworks */ = {
			isa = PBXFrameworksBuildPhase;
			buildActionMask = 2147483647;
			files = (
				AACBBE4A0F95108600F1A2B1 /* Foundation.framework in Frameworks */,
				5586E7B31E4C8EDD00324B10 /* libMaterialControls.a in Frameworks */,
			);
			runOnlyForDeploymentPostprocessing = 0;
		};
/* End PBXFrameworksBuildPhase section */

/* Begin PBXGroup section */
		034768DFFF38A50411DB9C8B /* Products */ = {
			isa = PBXGroup;
			children = (
				D2AAC07E0554694100DB518D /* libcom.caffeina.timaterial.a */,
			);
			name = Products;
			sourceTree = "<group>";
		};
		0867D691FE84028FC02AAC07 /* ti.material */ = {
			isa = PBXGroup;
			children = (
				5586E75B1E4C8D7B00324B10 /* headers */,
				5586E6451E4C7DB300324B10 /* Views */,
				08FB77AEFE84172EC02AAC07 /* Classes */,
				32C88DFF0371C24200C91783 /* Other Sources */,
				0867D69AFE84028FC02AAC07 /* Frameworks */,
				034768DFFF38A50411DB9C8B /* Products */,
			);
			name = ti.material;
			sourceTree = "<group>";
		};
		0867D69AFE84028FC02AAC07 /* Frameworks */ = {
			isa = PBXGroup;
			children = (
				5586E7B21E4C8EDD00324B10 /* libMaterialControls.a */,
				AACBBE490F95108600F1A2B1 /* Foundation.framework */,
			);
			name = Frameworks;
			sourceTree = "<group>";
		};
		08FB77AEFE84172EC02AAC07 /* Classes */ = {
			isa = PBXGroup;
			children = (
				24DE9E0F11C5FE74003F90F6 /* ComCaffeinaTimaterialModuleAssets.h */,
				24DE9E1011C5FE74003F90F6 /* ComCaffeinaTimaterialModuleAssets.m */,
				24DD6CF71134B3F500162E58 /* ComCaffeinaTimaterialModule.h */,
				24DD6CF81134B3F500162E58 /* ComCaffeinaTimaterialModule.m */,
			);
			name = Classes;
			sourceTree = "<group>";
		};
		32C88DFF0371C24200C91783 /* Other Sources */ = {
			isa = PBXGroup;
			children = (
				AA747D9E0F9514B9006C5449 /* ComCaffeinaTimaterial_Prefix.pch */,
				24DD6D1B1134B66800162E58 /* titanium.xcconfig */,
			);
			name = "Other Sources";
			sourceTree = "<group>";
		};
		5586E6451E4C7DB300324B10 /* Views */ = {
			isa = PBXGroup;
			children = (
				5586E7C81E4DD55200324B10 /* Time */,
				5586E64F1E4C808500324B10 /* Toast */,
				5586E64E1E4C7FB700324B10 /* Calendar */,
				55FE9DA11E52171600AC88FA /* TabBar */,
			);
			name = Views;
			path = views;
			sourceTree = "<group>";
		};
		5586E64E1E4C7FB700324B10 /* Calendar */ = {
			isa = PBXGroup;
			children = (
				5586E7C41E4DD50900324B10 /* ComCaffeinaTimaterialDatepickerProxy.h */,
				5586E7C51E4DD50900324B10 /* ComCaffeinaTimaterialDatepickerProxy.m */,
			);
			name = Calendar;
			path = calendar;
			sourceTree = "<group>";
		};
		5586E64F1E4C808500324B10 /* Toast */ = {
			isa = PBXGroup;
			children = (
				5586E7B81E4DBDB200324B10 /* ComCaffeinaTimaterialToastProxy.h */,
				5586E7B91E4DBDB200324B10 /* ComCaffeinaTimaterialToastProxy.m */,
			);
			name = Toast;
			path = toast;
			sourceTree = "<group>";
		};
		5586E75B1E4C8D7B00324B10 /* headers */ = {
			isa = PBXGroup;
			children = (
				5586E75C1E4C8D7B00324B10 /* AutoResizeTextView.h */,
				5586E75D1E4C8D7B00324B10 /* MaterialControls.h */,
				5586E75E1E4C8D7B00324B10 /* MDBubbleLabel.h */,
				5586E75F1E4C8D7B00324B10 /* MDButton.h */,
				5586E7601E4C8D7B00324B10 /* MDCalendar.h */,
				5586E7611E4C8D7B00324B10 /* MDCalendarCell.h */,
				5586E7621E4C8D7B00324B10 /* MDCalendarDateHeader.h */,
				5586E7631E4C8D7B00324B10 /* MDCalendarHeader.h */,
				5586E7641E4C8D7B00324B10 /* MDCalendarYearSelector.h */,
				5586E7651E4C8D7B00324B10 /* MDCalendarYearSelectorViewCell.h */,
				5586E7661E4C8D7B00324B10 /* MDCircularProgressLayer.h */,
				5586E7671E4C8D7B00324B10 /* MDCollectionViewCell.h */,
				5586E7681E4C8D7B00324B10 /* MDConstants.h */,
				5586E7691E4C8D7B00324B10 /* MDDatePicker.h */,
				5586E76A1E4C8D7B00324B10 /* MDDatePickerDialog.h */,
				5586E76B1E4C8D7B00324B10 /* MDDeviceHelper.h */,
				5586E76C1E4C8D7B00324B10 /* MDLinearProgressLayer.h */,
				5586E76D1E4C8D7B00324B10 /* MDMathHelper.h */,
				5586E76E1E4C8D7B00324B10 /* MDProgress.h */,
				5586E76F1E4C8D7B00324B10 /* MDProgressLayer.h */,
				5586E7701E4C8D7B00324B10 /* MDRippleLayer.h */,
				5586E7711E4C8D7B00324B10 /* MDSlider.h */,
				5586E7721E4C8D7B00324B10 /* MDSliderIcon.h */,
				5586E7731E4C8D7B00324B10 /* MDSliderThumbView.h */,
				5586E7741E4C8D7B00324B10 /* MDSliderTickMarksView.h */,
				5586E7751E4C8D7B00324B10 /* MDSnackbar.h */,
				5586E7761E4C8D7B00324B10 /* MDSuggestPopupView.h */,
				5586E7771E4C8D7B00324B10 /* MDSuggestTableView.h */,
				5586E7781E4C8D7B00324B10 /* MDSwitch.h */,
				5586E7791E4C8D7B00324B10 /* MDTabBar.h */,
				5586E77A1E4C8D7B00324B10 /* MDTabBarViewController.h */,
				5586E77B1E4C8D7B00324B10 /* MDTableViewCell.h */,
				5586E77C1E4C8D7B00324B10 /* MDTextField.h */,
				5586E77D1E4C8D7B00324B10 /* MDTimePickerDialog.h */,
				5586E77E1E4C8D7B00324B10 /* MDToast.h */,
				5586E77F1E4C8D7B00324B10 /* MDTouchGestureRecognizer.h */,
				5586E7801E4C8D7B00324B10 /* NSCalendarHelper.h */,
				5586E7811E4C8D7B00324B10 /* NSDate+MDExtension.h */,
				5586E7821E4C8D7B00324B10 /* NSDateHelper.h */,
				5586E7831E4C8D7B00324B10 /* UIColorHelper.h */,
				5586E7841E4C8D7B00324B10 /* UIFontHelper.h */,
				5586E7851E4C8D7B00324B10 /* UIView+MDExtension.h */,
				5586E7861E4C8D7B00324B10 /* UIViewHelper.h */,
			);
			path = headers;
			sourceTree = "<group>";
		};
		5586E7C81E4DD55200324B10 /* Time */ = {
			isa = PBXGroup;
			children = (
				5586E7C91E4DD57800324B10 /* ComCaffeinaTimaterialTimeProxy.h */,
				5586E7CA1E4DD57800324B10 /* ComCaffeinaTimaterialTimeProxy.m */,
			);
			name = Time;
			path = time;
			sourceTree = "<group>";
		};
		55FE9DA11E52171600AC88FA /* TabBar */ = {
			isa = PBXGroup;
			children = (
				55FE9DA21E52174700AC88FA /* ComCaffeinaTimaterialTabbarViewProxy.h */,
				55FE9DA31E52174700AC88FA /* ComCaffeinaTimaterialTabbarViewProxy.m */,
				55FE9DA61E52188800AC88FA /* ComCaffeinaTimaterialTabbarView.h */,
				55FE9DA71E52188800AC88FA /* ComCaffeinaTimaterialTabbarView.m */,
			);
			name = TabBar;
			path = tabbar;
			sourceTree = "<group>";
		};
/* End PBXGroup section */

/* Begin PBXHeadersBuildPhase section */
		D2AAC07A0554694100DB518D /* Headers */ = {
			isa = PBXHeadersBuildPhase;
			buildActionMask = 2147483647;
			files = (
				5586E78C1E4C8D7B00324B10 /* MDCalendarCell.h in Headers */,
				5586E7C61E4DD50900324B10 /* ComCaffeinaTimaterialDatepickerProxy.h in Headers */,
				5586E78F1E4C8D7B00324B10 /* MDCalendarYearSelector.h in Headers */,
				5586E7A11E4C8D7B00324B10 /* MDSuggestPopupView.h in Headers */,
				5586E78E1E4C8D7B00324B10 /* MDCalendarHeader.h in Headers */,
				5586E7B11E4C8D7B00324B10 /* UIViewHelper.h in Headers */,
				5586E79F1E4C8D7B00324B10 /* MDSliderTickMarksView.h in Headers */,
				5586E7941E4C8D7B00324B10 /* MDDatePicker.h in Headers */,
				AA747D9F0F9514B9006C5449 /* ComCaffeinaTimaterial_Prefix.pch in Headers */,
				5586E7A91E4C8D7B00324B10 /* MDToast.h in Headers */,
				5586E7911E4C8D7B00324B10 /* MDCircularProgressLayer.h in Headers */,
				5586E7BA1E4DBDB200324B10 /* ComCaffeinaTimaterialToastProxy.h in Headers */,
				5586E79C1E4C8D7B00324B10 /* MDSlider.h in Headers */,
				5586E7AB1E4C8D7B00324B10 /* NSCalendarHelper.h in Headers */,
				5586E7A61E4C8D7B00324B10 /* MDTableViewCell.h in Headers */,
				5586E7901E4C8D7B00324B10 /* MDCalendarYearSelectorViewCell.h in Headers */,
				5586E7AF1E4C8D7B00324B10 /* UIFontHelper.h in Headers */,
				5586E78D1E4C8D7B00324B10 /* MDCalendarDateHeader.h in Headers */,
				5586E7891E4C8D7B00324B10 /* MDBubbleLabel.h in Headers */,
				5586E79D1E4C8D7B00324B10 /* MDSliderIcon.h in Headers */,
				55FE9DA41E52174700AC88FA /* ComCaffeinaTimaterialTabbarViewProxy.h in Headers */,
				5586E7A71E4C8D7B00324B10 /* MDTextField.h in Headers */,
				24DD6CF91134B3F500162E58 /* ComCaffeinaTimaterialModule.h in Headers */,
				5586E7B01E4C8D7B00324B10 /* UIView+MDExtension.h in Headers */,
				5586E78B1E4C8D7B00324B10 /* MDCalendar.h in Headers */,
				55FE9DA81E52188800AC88FA /* ComCaffeinaTimaterialTabbarView.h in Headers */,
				5586E7A81E4C8D7B00324B10 /* MDTimePickerDialog.h in Headers */,
				5586E7971E4C8D7B00324B10 /* MDLinearProgressLayer.h in Headers */,
				5586E7A01E4C8D7B00324B10 /* MDSnackbar.h in Headers */,
				5586E7961E4C8D7B00324B10 /* MDDeviceHelper.h in Headers */,
				5586E7AC1E4C8D7B00324B10 /* NSDate+MDExtension.h in Headers */,
				5586E7921E4C8D7B00324B10 /* MDCollectionViewCell.h in Headers */,
				5586E7AA1E4C8D7B00324B10 /* MDTouchGestureRecognizer.h in Headers */,
				5586E7871E4C8D7B00324B10 /* AutoResizeTextView.h in Headers */,
				5586E79E1E4C8D7B00324B10 /* MDSliderThumbView.h in Headers */,
				5586E7931E4C8D7B00324B10 /* MDConstants.h in Headers */,
				5586E7991E4C8D7B00324B10 /* MDProgress.h in Headers */,
				5586E7A31E4C8D7B00324B10 /* MDSwitch.h in Headers */,
				5586E7A51E4C8D7B00324B10 /* MDTabBarViewController.h in Headers */,
				5586E7A41E4C8D7B00324B10 /* MDTabBar.h in Headers */,
				5586E7AD1E4C8D7B00324B10 /* NSDateHelper.h in Headers */,
				5586E7881E4C8D7B00324B10 /* MaterialControls.h in Headers */,
				5586E7981E4C8D7B00324B10 /* MDMathHelper.h in Headers */,
				5586E7AE1E4C8D7B00324B10 /* UIColorHelper.h in Headers */,
				5586E7A21E4C8D7B00324B10 /* MDSuggestTableView.h in Headers */,
				24DE9E1111C5FE74003F90F6 /* ComCaffeinaTimaterialModuleAssets.h in Headers */,
				5586E7CB1E4DD57800324B10 /* ComCaffeinaTimaterialTimeProxy.h in Headers */,
				5586E78A1E4C8D7B00324B10 /* MDButton.h in Headers */,
				5586E79A1E4C8D7B00324B10 /* MDProgressLayer.h in Headers */,
				5586E7951E4C8D7B00324B10 /* MDDatePickerDialog.h in Headers */,
				5586E79B1E4C8D7B00324B10 /* MDRippleLayer.h in Headers */,
			);
			runOnlyForDeploymentPostprocessing = 0;
		};
/* End PBXHeadersBuildPhase section */

/* Begin PBXNativeTarget section */
		D2AAC07D0554694100DB518D /* ti.material */ = {
			isa = PBXNativeTarget;
			buildConfigurationList = 1DEB921E08733DC00010E9CD /* Build configuration list for PBXNativeTarget "ti.material" */;
			buildPhases = (
				D2AAC07A0554694100DB518D /* Headers */,
				D2AAC07B0554694100DB518D /* Sources */,
				D2AAC07C0554694100DB518D /* Frameworks */,
			);
			buildRules = (
			);
			dependencies = (
			);
			name = ti.material;
			productName = ti.material;
			productReference = D2AAC07E0554694100DB518D /* libcom.caffeina.timaterial.a */;
			productType = "com.apple.product-type.library.static";
		};
/* End PBXNativeTarget section */

/* Begin PBXProject section */
		0867D690FE84028FC02AAC07 /* Project object */ = {
			isa = PBXProject;
			attributes = {
				LastUpgradeCheck = 0600;
			};
			buildConfigurationList = 1DEB922208733DC00010E9CD /* Build configuration list for PBXProject "ti.material" */;
			compatibilityVersion = "Xcode 3.2";
			developmentRegion = English;
			hasScannedForEncodings = 1;
			knownRegions = (
				English,
				Japanese,
				French,
				German,
			);
			mainGroup = 0867D691FE84028FC02AAC07 /* ti.material */;
			productRefGroup = 034768DFFF38A50411DB9C8B /* Products */;
			projectDirPath = "";
			projectRoot = "";
			targets = (
				D2AAC07D0554694100DB518D /* ti.material */,
				24416B8111C4CA220047AFDD /* Build & Test */,
			);
		};
/* End PBXProject section */

/* Begin PBXShellScriptBuildPhase section */
		24416B8011C4CA220047AFDD /* ShellScript */ = {
			isa = PBXShellScriptBuildPhase;
			buildActionMask = 2147483647;
			files = (
			);
			inputPaths = (
			);
			outputPaths = (
			);
			runOnlyForDeploymentPostprocessing = 0;
			shellPath = /bin/sh;
			shellScript = "# shell script goes here\n\npython \"${TITANIUM_SDK}/titanium.py\" run --dir=\"${PROJECT_DIR}\"\nexit $?\n";
		};
/* End PBXShellScriptBuildPhase section */

/* Begin PBXSourcesBuildPhase section */
		D2AAC07B0554694100DB518D /* Sources */ = {
			isa = PBXSourcesBuildPhase;
			buildActionMask = 2147483647;
			files = (
				5586E7CC1E4DD57800324B10 /* ComCaffeinaTimaterialTimeProxy.m in Sources */,
				5586E7BB1E4DBDB200324B10 /* ComCaffeinaTimaterialToastProxy.m in Sources */,
				5586E7C71E4DD50900324B10 /* ComCaffeinaTimaterialDatepickerProxy.m in Sources */,
				55FE9DA51E52174700AC88FA /* ComCaffeinaTimaterialTabbarViewProxy.m in Sources */,
				24DD6CFA1134B3F500162E58 /* ComCaffeinaTimaterialModule.m in Sources */,
				55FE9DA91E52188800AC88FA /* ComCaffeinaTimaterialTabbarView.m in Sources */,
				24DE9E1211C5FE74003F90F6 /* ComCaffeinaTimaterialModuleAssets.m in Sources */,
			);
			runOnlyForDeploymentPostprocessing = 0;
		};
/* End PBXSourcesBuildPhase section */

/* Begin PBXTargetDependency section */
		24416B8511C4CA280047AFDD /* PBXTargetDependency */ = {
			isa = PBXTargetDependency;
			target = D2AAC07D0554694100DB518D /* ti.material */;
			targetProxy = 24416B8411C4CA280047AFDD /* PBXContainerItemProxy */;
		};
/* End PBXTargetDependency section */

/* Begin XCBuildConfiguration section */
		1DEB921F08733DC00010E9CD /* Debug */ = {
			isa = XCBuildConfiguration;
			baseConfigurationReference = 24DD6D1B1134B66800162E58 /* titanium.xcconfig */;
			buildSettings = {
				CLANG_ENABLE_OBJC_WEAK = YES;
				CODE_SIGN_IDENTITY = "iPhone Developer";
				"CODE_SIGN_IDENTITY[sdk=iphoneos*]" = "iPhone Developer";
				DSTROOT = /tmp/ComCaffeinaTimaterial.dst;
				GCC_C_LANGUAGE_STANDARD = c99;
				GCC_OPTIMIZATION_LEVEL = 0;
				GCC_PRECOMPILE_PREFIX_HEADER = YES;
				GCC_PREFIX_HEADER = ComCaffeinaTimaterial_Prefix.pch;
				GCC_PREPROCESSOR_DEFINITIONS = "TI_VERSION=$(TI_VERSION)";
				GCC_TREAT_WARNINGS_AS_ERRORS = NO;
				GCC_VERSION = "";
				GCC_WARN_ABOUT_RETURN_TYPE = NO;
				GCC_WARN_MISSING_PARENTHESES = NO;
				GCC_WARN_SHADOW = NO;
				GCC_WARN_STRICT_SELECTOR_MATCH = NO;
				GCC_WARN_UNUSED_FUNCTION = YES;
				GCC_WARN_UNUSED_PARAMETER = NO;
				GCC_WARN_UNUSED_VALUE = NO;
				GCC_WARN_UNUSED_VARIABLE = NO;
				INSTALL_PATH = /usr/local/lib;
				IPHONEOS_DEPLOYMENT_TARGET = 8.0;
				LIBRARY_SEARCH_PATHS = "$(PROJECT_DIR)/frameworks";
				OTHER_CFLAGS = (
					"-DDEBUG",
					"-DTI_POST_1_2",
				);
				OTHER_LDFLAGS = "-ObjC";
				PRODUCT_NAME = com.caffeina.timaterial;
				PROVISIONING_PROFILE = "";
				"PROVISIONING_PROFILE[sdk=iphoneos*]" = "";
				RUN_CLANG_STATIC_ANALYZER = NO;
				SDKROOT = iphoneos;
				TITANIUM_SDK = "/Users/ani.sinanaj/Library/Application Support/Titanium/mobilesdk/osx/$(TITANIUM_SDK_VERSION)";
				TITANIUM_SDK_VERSION = 6.0.0.GA;
				USER_HEADER_SEARCH_PATHS = "";
			};
			name = Debug;
		};
		1DEB922008733DC00010E9CD /* Release */ = {
			isa = XCBuildConfiguration;
			baseConfigurationReference = 24DD6D1B1134B66800162E58 /* titanium.xcconfig */;
			buildSettings = {
				ALWAYS_SEARCH_USER_PATHS = NO;
				CLANG_ENABLE_OBJC_WEAK = YES;
				DSTROOT = /tmp/ComCaffeinaTimaterial.dst;
				GCC_C_LANGUAGE_STANDARD = c99;
				GCC_MODEL_TUNING = G5;
				GCC_PRECOMPILE_PREFIX_HEADER = YES;
				GCC_PREFIX_HEADER = ComCaffeinaTimaterial_Prefix.pch;
				GCC_PREPROCESSOR_DEFINITIONS = "TI_VERSION=$(TI_VERSION)";
				GCC_TREAT_WARNINGS_AS_ERRORS = NO;
				GCC_VERSION = "";
				GCC_WARN_ABOUT_RETURN_TYPE = NO;
				GCC_WARN_MISSING_PARENTHESES = NO;
				GCC_WARN_SHADOW = NO;
				GCC_WARN_STRICT_SELECTOR_MATCH = NO;
				GCC_WARN_UNUSED_FUNCTION = YES;
				GCC_WARN_UNUSED_PARAMETER = NO;
				GCC_WARN_UNUSED_VALUE = NO;
				GCC_WARN_UNUSED_VARIABLE = NO;
				INSTALL_PATH = /usr/local/lib;
				IPHONEOS_DEPLOYMENT_TARGET = 8.0;
				LIBRARY_SEARCH_PATHS = "$(PROJECT_DIR)/frameworks";
				OTHER_CFLAGS = "-DTI_POST_1_2";
				OTHER_LDFLAGS = "-ObjC";
				PRODUCT_NAME = com.caffeina.timaterial;
				RUN_CLANG_STATIC_ANALYZER = NO;
				SDKROOT = iphoneos;
				TITANIUM_SDK = "/Users/ani.sinanaj/Library/Application Support/Titanium/mobilesdk/osx/$(TITANIUM_SDK_VERSION)";
				TITANIUM_SDK_VERSION = 6.0.0.GA;
				USER_HEADER_SEARCH_PATHS = "";
			};
			name = Release;
		};
		1DEB922308733DC00010E9CD /* Debug */ = {
			isa = XCBuildConfiguration;
			baseConfigurationReference = 24DD6D1B1134B66800162E58 /* titanium.xcconfig */;
			buildSettings = {
				CLANG_CXX_LIBRARY = "libstdc++";
				CODE_SIGN_IDENTITY = "iPhone Developer";
				"CODE_SIGN_IDENTITY[sdk=iphoneos*]" = "iPhone Developer";
				DSTROOT = /tmp/ComCaffeinaTimaterial.dst;
				GCC_C_LANGUAGE_STANDARD = c99;
				GCC_OPTIMIZATION_LEVEL = 0;
				GCC_PRECOMPILE_PREFIX_HEADER = YES;
				GCC_PREFIX_HEADER = ComCaffeinaTimaterial_Prefix.pch;
				GCC_PREPROCESSOR_DEFINITIONS = "TI_VERSION=$(TI_VERSION)";
				GCC_TREAT_WARNINGS_AS_ERRORS = NO;
				GCC_VERSION = "";
				GCC_WARN_ABOUT_RETURN_TYPE = NO;
				GCC_WARN_MISSING_PARENTHESES = NO;
				GCC_WARN_SHADOW = NO;
				GCC_WARN_STRICT_SELECTOR_MATCH = NO;
				GCC_WARN_UNUSED_FUNCTION = YES;
				GCC_WARN_UNUSED_PARAMETER = NO;
				GCC_WARN_UNUSED_VALUE = NO;
				GCC_WARN_UNUSED_VARIABLE = NO;
				INSTALL_PATH = /usr/local/lib;
				IPHONEOS_DEPLOYMENT_TARGET = 8.0;
				ONLY_ACTIVE_ARCH = YES;
				OTHER_CFLAGS = (
					"-DDEBUG",
					"-DTI_POST_1_2",
				);
				OTHER_LDFLAGS = "-ObjC";
				PRODUCT_NAME = com.caffeina.timaterial;
				PROVISIONING_PROFILE = "";
				"PROVISIONING_PROFILE[sdk=iphoneos*]" = "";
				RUN_CLANG_STATIC_ANALYZER = NO;
				SDKROOT = iphoneos;
				TITANIUM_SDK = "/Users/ani.sinanaj/Library/Application Support/Titanium/mobilesdk/osx/$(TITANIUM_SDK_VERSION)";
				TITANIUM_SDK_VERSION = 6.0.0.GA;
				USER_HEADER_SEARCH_PATHS = "";
			};
			name = Debug;
		};
		1DEB922408733DC00010E9CD /* Release */ = {
			isa = XCBuildConfiguration;
			baseConfigurationReference = 24DD6D1B1134B66800162E58 /* titanium.xcconfig */;
			buildSettings = {
				ALWAYS_SEARCH_USER_PATHS = NO;
				CLANG_CXX_LIBRARY = "libstdc++";
				DSTROOT = /tmp/ComCaffeinaTimaterial.dst;
				GCC_C_LANGUAGE_STANDARD = c99;
				GCC_MODEL_TUNING = G5;
				GCC_PRECOMPILE_PREFIX_HEADER = YES;
				GCC_PREFIX_HEADER = ComCaffeinaTimaterial_Prefix.pch;
				GCC_PREPROCESSOR_DEFINITIONS = "TI_VERSION=$(TI_VERSION)";
				GCC_TREAT_WARNINGS_AS_ERRORS = NO;
				GCC_VERSION = "";
				GCC_WARN_ABOUT_RETURN_TYPE = NO;
				GCC_WARN_MISSING_PARENTHESES = NO;
				GCC_WARN_SHADOW = NO;
				GCC_WARN_STRICT_SELECTOR_MATCH = NO;
				GCC_WARN_UNUSED_FUNCTION = YES;
				GCC_WARN_UNUSED_PARAMETER = NO;
				GCC_WARN_UNUSED_VALUE = NO;
				GCC_WARN_UNUSED_VARIABLE = NO;
				INSTALL_PATH = /usr/local/lib;
				IPHONEOS_DEPLOYMENT_TARGET = 8.0;
				OTHER_CFLAGS = "-DTI_POST_1_2";
				OTHER_LDFLAGS = "-ObjC";
				PRODUCT_NAME = com.caffeina.timaterial;
				RUN_CLANG_STATIC_ANALYZER = NO;
				SDKROOT = iphoneos;
				TITANIUM_SDK = "/Users/ani.sinanaj/Library/Application Support/Titanium/mobilesdk/osx/$(TITANIUM_SDK_VERSION)";
				TITANIUM_SDK_VERSION = 6.0.0.GA;
				USER_HEADER_SEARCH_PATHS = "";
			};
			name = Release;
		};
		24416B8211C4CA220047AFDD /* Debug */ = {
			isa = XCBuildConfiguration;
			baseConfigurationReference = 24DD6D1B1134B66800162E58 /* titanium.xcconfig */;
			buildSettings = {
				COPY_PHASE_STRIP = NO;
				GCC_DYNAMIC_NO_PIC = NO;
				GCC_OPTIMIZATION_LEVEL = 0;
				PRODUCT_NAME = "Build & test";
			};
			name = Debug;
		};
		24416B8311C4CA220047AFDD /* Release */ = {
			isa = XCBuildConfiguration;
			baseConfigurationReference = 24DD6D1B1134B66800162E58 /* titanium.xcconfig */;
			buildSettings = {
				COPY_PHASE_STRIP = YES;
				DEBUG_INFORMATION_FORMAT = "dwarf-with-dsym";
				GCC_ENABLE_FIX_AND_CONTINUE = NO;
				PRODUCT_NAME = "Build & test";
				ZERO_LINK = NO;
			};
			name = Release;
		};
/* End XCBuildConfiguration section */

/* Begin XCConfigurationList section */
		1DEB921E08733DC00010E9CD /* Build configuration list for PBXNativeTarget "ti.material" */ = {
			isa = XCConfigurationList;
			buildConfigurations = (
				1DEB921F08733DC00010E9CD /* Debug */,
				1DEB922008733DC00010E9CD /* Release */,
			);
			defaultConfigurationIsVisible = 0;
			defaultConfigurationName = Release;
		};
		1DEB922208733DC00010E9CD /* Build configuration list for PBXProject "ti.material" */ = {
			isa = XCConfigurationList;
			buildConfigurations = (
				1DEB922308733DC00010E9CD /* Debug */,
				1DEB922408733DC00010E9CD /* Release */,
			);
			defaultConfigurationIsVisible = 0;
			defaultConfigurationName = Release;
		};
		24416B8A11C4CA520047AFDD /* Build configuration list for PBXAggregateTarget "Build & Test" */ = {
			isa = XCConfigurationList;
			buildConfigurations = (
				24416B8211C4CA220047AFDD /* Debug */,
				24416B8311C4CA220047AFDD /* Release */,
			);
			defaultConfigurationIsVisible = 0;
			defaultConfigurationName = Release;
		};
/* End XCConfigurationList section */
	};
	rootObject = 0867D690FE84028FC02AAC07 /* Project object */;
}
